Microsoft Visual Studio Solution File, Format Version 11.00
# Visual Studio 2008

Project("{9FE26AF7-B7E7-DEDD-587B-38A4CEA8DF5A}") = "AStar-master", "Assembly-CSharp.csproj", "{91113E37-B184-4D01-B999-E30FF3D177AA}"
EndProject
Global
	GlobalSection(SolutionConfigurationPlatforms) = preSolution
		Debug|Any CPU = Debug|Any CPU
		Release|Any CPU = Release|Any CPU
	EndGlobalSection
	GlobalSection(ProjectConfigurationPlatforms) = postSolution
		{91113E37-B184-4D01-B999-E30FF3D177AA}.Debug|Any CPU.ActiveCfg = Debug|Any CPU
		{91113E37-B184-4D01-B999-E30FF3D177AA}.Debug|Any CPU.Build.0 = Debug|Any CPU
		{91113E37-B184-4D01-B999-E30FF3D177AA}.Release|Any CPU.ActiveCfg = Release|Any CPU
		{91113E37-B184-4D01-B999-E30FF3D177AA}.Release|Any CPU.Build.0 = Release|Any CPU
	EndGlobalSection
	GlobalSection(SolutionProperties) = preSolution
		HideSolutionNode = FALSE
	EndGlobalSection
	GlobalSection(MonoDevelopProperties) = preSolution
		StartupItem = Assembly-CSharp.csproj
	EndGlobalSection
EndGlobal
